
Microsoft Visual Studio Solution File, Format Version 12.00
# Visual Studio Version 16
VisualStudioVersion = 16.0.29911.84
MinimumVisualStudioVersion = 10.0.40219.1
Project("{F184B08F-C81C-45F6-A57F-5ABD9991F28F}") = "VBCalculator", "VBCalculator.vbproj", "{36E069C6-1F70-4411-BCE7-3914C9992E88}"
EndProject
Global
	GlobalSection(SolutionConfigurationPlatforms) = preSolution
		Debug|Any CPU = Debug|Any CPU
		Release|Any CPU = Release|Any CPU
	EndGlobalSection
	GlobalSection(ProjectConfigurationPlatforms) = postSolution
		{36E069C6-1F70-4411-BCE7-3914C9992E88}.Debug|Any CPU.ActiveCfg = Debug|Any CPU
		{36E069C6-1F70-4411-BCE7-3914C9992E88}.Debug|Any CPU.Build.0 = Debug|Any CPU
		{36E069C6-1F70-4411-BCE7-3914C9992E88}.Release|Any CPU.ActiveCfg = Release|Any CPU
		{36E069C6-1F70-4411-BCE7-3914C9992E88}.Release|Any CPU.Build.0 = Release|Any CPU
	EndGlobalSection
	GlobalSection(SolutionProperties) = preSolution
		HideSolutionNode = FALSE
	EndGlobalSection
	GlobalSection(ExtensibilityGlobals) = postSolution
		SolutionGuid = {55384511-B71D-4123-99C6-8E2C19FF96EE}
	EndGlobalSection
EndGlobal
